github.com/bitly/go-simplejson v0.5.0 h1:6IH+V8/tVMab511d5bn4M7EwGXZf9Hj6i2xSwkNEM+Y=
github.com/bitly/go-simplejson v0.5.0/go.mod h1:cXHtHw4XUPsvGaxgjIAn8PhEWG9NfngEKAMDJEczWVA=
github.com/bmizerany/assert v0.0.0-20160611221934-b7ed37b82869 h1:DDGfHa7BWjL4YnC6+E63dPcxHo2sUxDIu8g3QgEJdRY=
github.com/bmizerany/assert v0.0.0-20160611221934-b7ed37b82869/go.mod h1:Ekp36dRnpXw/yCqJaO+ZrUyxD+3VXMFFr56k5XYrpB4=
github.com/creack/pty v1.1.9/go.mod h1:oKZEueFk5CKHvIhNR5MUki03XCEU+Q6VDXinZuGJ33E=
github.com/kr/pretty v0.2.1 h1:Fmg33tUaq4/8ym9TJN1x7sLJnHVwhP33CNkpYV/7rwI=
github.com/kr/pretty v0.2.1/go.mod h1:ipq/a2n7PKx3OHsz4KJII5eveXtPO4qwEXGdVfWzfnI=
github.com/kr/pty v1.1.1/go.mod h1:pFQYn66WHrOpPYNljwOMqo10TkYh1fy3cYio2l3bCsQ=
github.com/kr/text v0.1.0 h1:45sCR5RtlFHMR4UwH9sdQ5TC8v0qDQCHnXt+kaKSTVE=
github.com/kr/text v0.1.0/go.mod h1:4Jbv+DJW3UT/LiOwJeYQe1efqtUx/iVham/4vfdArNI=
github.com/kr/text v0.2.0 h1:5Nx0Ya0ZqY2ygV366QzturHI13Jq95ApcVaJBhpS+AY=
github.com/kr/text v0.2.0/go.mod h1:eLer722TekiGuMkidMxC/pM04lWEeraHUUmBw8l2grE=
github.com/yinyajiang/go-w32 v0.0.0-20210118052316-4f5726ee0c25 h1:7C1so/jgbBKDmi3BPtZerrdvuo4HPOIvxbSPggO/eUI=
github.com/yinyajiang/go-w32 v0.0.0-20210118052316-4f5726ee0c25/go.mod h1:ckRiItESuJm4u2158HyuCR8pk3Bo5XutrKBRYqe+oGo=
github.com/yinyajiang/go-w32 v0.0.0-20210118053727-3dc8b1641e87 h1:p8sVafCwC2iWNXqtp6mNFIUvAJcl8yM9+0rrINZ+xvw=
github.com/yinyajiang/go-w32 v0.0.0-20210118053727-3dc8b1641e87/go.mod h1:ckRiItESuJm4u2158HyuCR8pk3Bo5XutrKBRYqe+oGo=
github.com/yinyajiang/go-w32 v0.0.0-20210126054714-76b15cab1cef h1:Wgmfcw2Mxhx8mkVH5ZccYcAjnoWFkXH1OId+pN8MoZk=
github.com/yinyajiang/go-w32 v0.0.0-20210126054714-76b15cab1cef/go.mod h1:2/GvV9LT6cSTA1wVFlwxqPMlQMUtZKdJYbkpujT9hNc=
github.com/yinyajiang/go-ytools v0.1.2/go.mod h1:uP9Poe3VDX5KZKyZmgJ1JPKjviit8otKHicfzsEI9kQ=
